// !$*UTF8*$!
{
	archiveVersion = 1;
	classes = {
	};
	objectVersion = 50;
	objects = {

/* Begin PBXBuildFile section */
		299A383122271F9D00CBD4FF /* AppDelegate.swift in Sources */ = {isa = PBXBuildFile; fileRef = 299A383022271F9D00CBD4FF /* AppDelegate.swift */; };
		299A383622271F9D00CBD4FF /* Main.storyboard in Resources */ = {isa = PBXBuildFile; fileRef = 299A383422271F9D00CBD4FF /* Main.storyboard */; };
		299A383822271FA000CBD4FF /* Assets.xcassets in Resources */ = {isa = PBXBuildFile; fileRef = 299A383722271FA000CBD4FF /* Assets.xcassets */; };
		299A383B22271FA000CBD4FF /* LaunchScreen.storyboard in Resources */ = {isa = PBXBuildFile; fileRef = 299A383922271FA000CBD4FF /* LaunchScreen.storyboard */; };
		299A3843222720BC00CBD4FF /* Data.swift in Sources */ = {isa = PBXBuildFile; fileRef = 299A3842222720BC00CBD4FF /* Data.swift */; };
		299A38452227211800CBD4FF /* Extensions.swift in Sources */ = {isa = PBXBuildFile; fileRef = 299A38442227211800CBD4FF /* Extensions.swift */; };
		299A38472227247100CBD4FF /* LocationsViewController.swift in Sources */ = {isa = PBXBuildFile; fileRef = 299A38462227247100CBD4FF /* LocationsViewController.swift */; };
		299A3849222724AE00CBD4FF /* AlbumViewController.swift in Sources */ = {isa = PBXBuildFile; fileRef = 299A3848222724AE00CBD4FF /* AlbumViewController.swift */; };
		299A384B222724F500CBD4FF /* AlbumCollectionDelegate.swift in Sources */ = {isa = PBXBuildFile; fileRef = 299A384A222724F500CBD4FF /* AlbumCollectionDelegate.swift */; };
		299A384D222725CA00CBD4FF /* PinExtension.swift in Sources */ = {isa = PBXBuildFile; fileRef = 299A384C222725CA00CBD4FF /* PinExtension.swift */; };
		299A384F222725EE00CBD4FF /* PhotoExtension.swift in Sources */ = {isa = PBXBuildFile; fileRef = 299A384E222725EE00CBD4FF /* PhotoExtension.swift */; };
		299A38512227263800CBD4FF /* PhotoCollectionCell.swift in Sources */ = {isa = PBXBuildFile; fileRef = 299A38502227263800CBD4FF /* PhotoCollectionCell.swift */; };
		299A38532227266700CBD4FF /* Structs.swift in Sources */ = {isa = PBXBuildFile; fileRef = 299A38522227266700CBD4FF /* Structs.swift */; };
		299A38552227268E00CBD4FF /* Client.swift in Sources */ = {isa = PBXBuildFile; fileRef = 299A38542227268E00CBD4FF /* Client.swift */; };
		299A3857222726D000CBD4FF /* Constant.swift in Sources */ = {isa = PBXBuildFile; fileRef = 299A3856222726D000CBD4FF /* Constant.swift */; };
		299A38592227274100CBD4FF /* ClientConvenience.swift in Sources */ = {isa = PBXBuildFile; fileRef = 299A38582227274100CBD4FF /* ClientConvenience.swift */; };
		299A385F22272A9800CBD4FF /* VirtualTourist.xcdatamodeld in Sources */ = {isa = PBXBuildFile; fileRef = 299A385C22272A9800CBD4FF /* VirtualTourist.xcdatamodeld */; };
/* End PBXBuildFile section */

/* Begin PBXFileReference section */
		299A382D22271F9D00CBD4FF /* VirtualTourist.app */ = {isa = PBXFileReference; explicitFileType = wrapper.application; includeInIndex = 0; path = VirtualTourist.app; sourceTree = BUILT_PRODUCTS_DIR; };
		299A383022271F9D00CBD4FF /* AppDelegate.swift */ = {isa = PBXFileReference; lastKnownFileType = sourcecode.swift; path = AppDelegate.swift; sourceTree = "<group>"; };
		299A383522271F9D00CBD4FF /* Base */ = {isa = PBXFileReference; lastKnownFileType = file.storyboard; name = Base; path = Base.lproj/Main.storyboard; sourceTree = "<group>"; };
		299A383722271FA000CBD4FF /* Assets.xcassets */ = {isa = PBXFileReference; lastKnownFileType = folder.assetcatalog; path = Assets.xcassets; sourceTree = "<group>"; };
		299A383A22271FA000CBD4FF /* Base */ = {isa = PBXFileReference; lastKnownFileType = file.storyboard; name = Base; path = Base.lproj/LaunchScreen.storyboard; sourceTree = "<group>"; };
		299A383C22271FA000CBD4FF /* Info.plist */ = {isa = PBXFileReference; lastKnownFileType = text.plist.xml; path = Info.plist; sourceTree = "<group>"; };
		299A3842222720BC00CBD4FF /* Data.swift */ = {isa = PBXFileReference; lastKnownFileType = sourcecode.swift; path = Data.swift; sourceTree = "<group>"; };
		299A38442227211800CBD4FF /* Extensions.swift */ = {isa = PBXFileReference; lastKnownFileType = sourcecode.swift; path = Extensions.swift; sourceTree = "<group>"; };
		299A38462227247100CBD4FF /* LocationsViewController.swift */ = {isa = PBXFileReference; lastKnownFileType = sourcecode.swift; path = LocationsViewController.swift; sourceTree = "<group>"; };
		299A3848222724AE00CBD4FF /* AlbumViewController.swift */ = {isa = PBXFileReference; lastKnownFileType = sourcecode.swift; path = AlbumViewController.swift; sourceTree = "<group>"; };
		299A384A222724F500CBD4FF /* AlbumCollectionDelegate.swift */ = {isa = PBXFileReference; lastKnownFileType = sourcecode.swift; path = AlbumCollectionDelegate.swift; sourceTree = "<group>"; };
		299A384C222725CA00CBD4FF /* PinExtension.swift */ = {isa = PBXFileReference; lastKnownFileType = sourcecode.swift; path = PinExtension.swift; sourceTree = "<group>"; };
		299A384E222725EE00CBD4FF /* PhotoExtension.swift */ = {isa = PBXFileReference; lastKnownFileType = sourcecode.swift; path = PhotoExtension.swift; sourceTree = "<group>"; };
		299A38502227263800CBD4FF /* PhotoCollectionCell.swift */ = {isa = PBXFileReference; lastKnownFileType = sourcecode.swift; path = PhotoCollectionCell.swift; sourceTree = "<group>"; };
		299A38522227266700CBD4FF /* Structs.swift */ = {isa = PBXFileReference; lastKnownFileType = sourcecode.swift; path = Structs.swift; sourceTree = "<group>"; };
		299A38542227268E00CBD4FF /* Client.swift */ = {isa = PBXFileReference; lastKnownFileType = sourcecode.swift; path = Client.swift; sourceTree = "<group>"; };
		299A3856222726D000CBD4FF /* Constant.swift */ = {isa = PBXFileReference; lastKnownFileType = sourcecode.swift; path = Constant.swift; sourceTree = "<group>"; };
		299A38582227274100CBD4FF /* ClientConvenience.swift */ = {isa = PBXFileReference; lastKnownFileType = sourcecode.swift; path = ClientConvenience.swift; sourceTree = "<group>"; };
		299A385D22272A9800CBD4FF /* Virtual_Tourist.xcdatamodel */ = {isa = PBXFileReference; lastKnownFileType = wrapper.xcdatamodel; path = Virtual_Tourist.xcdatamodel; sourceTree = "<group>"; };
/* End PBXFileReference section */

/* Begin PBXFrameworksBuildPhase section */
		299A382A22271F9D00CBD4FF /* Frameworks */ = {
			isa = PBXFrameworksBuildPhase;
			buildActionMask = 2147483647;
			files = (
			);
			runOnlyForDeploymentPostprocessing = 0;
		};
/* End PBXFrameworksBuildPhase section */

/* Begin PBXGroup section */
		299A382422271F9D00CBD4FF = {
			isa = PBXGroup;
			children = (
				299A382F22271F9D00CBD4FF /* VirtualTourist */,
				299A382E22271F9D00CBD4FF /* Products */,
			);
			sourceTree = "<group>";
		};
		299A382E22271F9D00CBD4FF /* Products */ = {
			isa = PBXGroup;
			children = (
				299A382D22271F9D00CBD4FF /* VirtualTourist.app */,
			);
			name = Products;
			sourceTree = "<group>";
		};
		299A382F22271F9D00CBD4FF /* VirtualTourist */ = {
			isa = PBXGroup;
			children = (
				299A383022271F9D00CBD4FF /* AppDelegate.swift */,
				299A383422271F9D00CBD4FF /* Main.storyboard */,
				299A383722271FA000CBD4FF /* Assets.xcassets */,
				299A383922271FA000CBD4FF /* LaunchScreen.storyboard */,
				299A383C22271FA000CBD4FF /* Info.plist */,
				299A3842222720BC00CBD4FF /* Data.swift */,
				299A38442227211800CBD4FF /* Extensions.swift */,
				299A38462227247100CBD4FF /* LocationsViewController.swift */,
				299A3848222724AE00CBD4FF /* AlbumViewController.swift */,
				299A384A222724F500CBD4FF /* AlbumCollectionDelegate.swift */,
				299A384C222725CA00CBD4FF /* PinExtension.swift */,
				299A384E222725EE00CBD4FF /* PhotoExtension.swift */,
				299A38502227263800CBD4FF /* PhotoCollectionCell.swift */,
				299A38522227266700CBD4FF /* Structs.swift */,
				299A38542227268E00CBD4FF /* Client.swift */,
				299A3856222726D000CBD4FF /* Constant.swift */,
				299A38582227274100CBD4FF /* ClientConvenience.swift */,
				299A385C22272A9800CBD4FF /* VirtualTourist.xcdatamodeld */,
			);
			path = VirtualTourist;
			sourceTree = "<group>";
		};
/* End PBXGroup section */

/* Begin PBXNativeTarget section */
		299A382C22271F9D00CBD4FF /* VirtualTourist */ = {
			isa = PBXNativeTarget;
			buildConfigurationList = 299A383F22271FA000CBD4FF /* Build configuration list for PBXNativeTarget "VirtualTourist" */;
			buildPhases = (
				299A382922271F9D00CBD4FF /* Sources */,
				299A382A22271F9D00CBD4FF /* Frameworks */,
				299A382B22271F9D00CBD4FF /* Resources */,
			);
			buildRules = (
			);
			dependencies = (
			);
			name = VirtualTourist;
			productName = VirtualTourist;
			productReference = 299A382D22271F9D00CBD4FF /* VirtualTourist.app */;
			productType = "com.apple.product-type.application";
		};
/* End PBXNativeTarget section */

/* Begin PBXProject section */
		299A382522271F9D00CBD4FF /* Project object */ = {
			isa = PBXProject;
			attributes = {
				LastSwiftUpdateCheck = 1010;
				LastUpgradeCheck = 1010;
				ORGANIZATIONNAME = "Khaled H";
				TargetAttributes = {
					299A382C22271F9D00CBD4FF = {
						CreatedOnToolsVersion = 10.1;
					};
				};
			};
			buildConfigurationList = 299A382822271F9D00CBD4FF /* Build configuration list for PBXProject "VirtualTourist" */;
			compatibilityVersion = "Xcode 9.3";
			developmentRegion = en;
			hasScannedForEncodings = 0;
			knownRegions = (
				en,
				Base,
			);
			mainGroup = 299A382422271F9D00CBD4FF;
			productRefGroup = 299A382E22271F9D00CBD4FF /* Products */;
			projectDirPath = "";
			projectRoot = "";
			targets = (
				299A382C22271F9D00CBD4FF /* VirtualTourist */,
			);
		};
/* End PBXProject section */

/* Begin PBXResourcesBuildPhase section */
		299A382B22271F9D00CBD4FF /* Resources */ = {
			isa = PBXResourcesBuildPhase;
			buildActionMask = 2147483647;
			files = (
				299A383B22271FA000CBD4FF /* LaunchScreen.storyboard in Resources */,
				299A383822271FA000CBD4FF /* Assets.xcassets in Resources */,
				299A383622271F9D00CBD4FF /* Main.storyboard in Resources */,
			);
			runOnlyForDeploymentPostprocessing = 0;
		};
/* End PBXResourcesBuildPhase section */

/* Begin PBXSourcesBuildPhase section */
		299A382922271F9D00CBD4FF /* Sources */ = {
			isa = PBXSourcesBuildPhase;
			buildActionMask = 2147483647;
			files = (
				299A384B222724F500CBD4FF /* AlbumCollectionDelegate.swift in Sources */,
				299A385F22272A9800CBD4FF /* VirtualTourist.xcdatamodeld in Sources */,
				299A3843222720BC00CBD4FF /* Data.swift in Sources */,
				299A38532227266700CBD4FF /* Structs.swift in Sources */,
				299A3849222724AE00CBD4FF /* AlbumViewController.swift in Sources */,
				299A38552227268E00CBD4FF /* Client.swift in Sources */,
				299A38512227263800CBD4FF /* PhotoCollectionCell.swift in Sources */,
				299A38592227274100CBD4FF /* ClientConvenience.swift in Sources */,
				299A383122271F9D00CBD4FF /* AppDelegate.swift in Sources */,
				299A38452227211800CBD4FF /* Extensions.swift in Sources */,
				299A384D222725CA00CBD4FF /* PinExtension.swift in Sources */,
				299A384F222725EE00CBD4FF /* PhotoExtension.swift in Sources */,
				299A38472227247100CBD4FF /* LocationsViewController.swift in Sources */,
				299A3857222726D000CBD4FF /* Constant.swift in Sources */,
			);
			runOnlyForDeploymentPostprocessing = 0;
		};
/* End PBXSourcesBuildPhase section */

/* Begin PBXVariantGroup section */
		299A383422271F9D00CBD4FF /* Main.storyboard */ = {
			isa = PBXVariantGroup;
			children = (
				299A383522271F9D00CBD4FF /* Base */,
			);
			name = Main.storyboard;
			sourceTree = "<group>";
		};
		299A383922271FA000CBD4FF /* LaunchScreen.storyboard */ = {
			isa = PBXVariantGroup;
			children = (
				299A383A22271FA000CBD4FF /* Base */,
			);
			name = LaunchScreen.storyboard;
			sourceTree = "<group>";
		};
/* End PBXVariantGroup section */

/* Begin XCBuildConfiguration section */
		299A383D22271FA000CBD4FF /* Debug */ = {
			isa = XCBuildConfiguration;
			buildSettings = {
				ALWAYS_SEARCH_USER_PATHS = NO;
				CLANG_ANALYZER_NONNULL = YES;
				CLANG_ANALYZER_NUMBER_OBJECT_CONVERSION = YES_AGGRESSIVE;
				CLANG_CXX_LANGUAGE_STANDARD = "gnu++14";
				CLANG_CXX_LIBRARY = "libc++";
				CLANG_ENABLE_MODULES = YES;
				CLANG_ENABLE_OBJC_ARC = YES;
				CLANG_ENABLE_OBJC_WEAK = YES;
				CLANG_WARN_BLOCK_CAPTURE_AUTORELEASING = YES;
				CLANG_WARN_BOOL_CONVERSION = YES;
				CLANG_WARN_COMMA = YES;
				CLANG_WARN_CONSTANT_CONVERSION = YES;
				CLANG_WARN_DEPRECATED_OBJC_IMPLEMENTATIONS = YES;
				CLANG_WARN_DIRECT_OBJC_ISA_USAGE = YES_ERROR;
				CLANG_WARN_DOCUMENTATION_COMMENTS = YES;
				CLANG_WARN_EMPTY_BODY = YES;
				CLANG_WARN_ENUM_CONVERSION = YES;
				CLANG_WARN_INFINITE_RECURSION = YES;
				CLANG_WARN_INT_CONVERSION = YES;
				CLANG_WARN_NON_LITERAL_NULL_CONVERSION = YES;
				CLANG_WARN_OBJC_IMPLICIT_RETAIN_SELF = YES;
				CLANG_WARN_OBJC_LITERAL_CONVERSION = YES;
				CLANG_WARN_OBJC_ROOT_CLASS = YES_ERROR;
				CLANG_WARN_RANGE_LOOP_ANALYSIS = YES;
				CLANG_WARN_STRICT_PROTOTYPES = YES;
				CLANG_WARN_SUSPICIOUS_MOVE = YES;
				CLANG_WARN_UNGUARDED_AVAILABILITY = YES_AGGRESSIVE;
				CLANG_WARN_UNREACHABLE_CODE = YES;
				CLANG_WARN__DUPLICATE_METHOD_MATCH = YES;
				CODE_SIGN_IDENTITY = "iPhone Developer";
				COPY_PHASE_STRIP = NO;
				DEBUG_INFORMATION_FORMAT = dwarf;
				ENABLE_STRICT_OBJC_MSGSEND = YES;
				ENABLE_TESTABILITY = YES;
				GCC_C_LANGUAGE_STANDARD = gnu11;
				GCC_DYNAMIC_NO_PIC = NO;
				GCC_NO_COMMON_BLOCKS = YES;
				GCC_OPTIMIZATION_LEVEL = 0;
				GCC_PREPROCESSOR_DEFINITIONS = (
					"DEBUG=1",
					"$(inherited)",
				);
				GCC_WARN_64_TO_32_BIT_CONVERSION = YES;
				GCC_WARN_ABOUT_RETURN_TYPE = YES_ERROR;
				GCC_WARN_UNDECLARED_SELECTOR = YES;
				GCC_WARN_UNINITIALIZED_AUTOS = YES_AGGRESSIVE;
				GCC_WARN_UNUSED_FUNCTION = YES;
				GCC_WARN_UNUSED_VARIABLE = YES;
				IPHONEOS_DEPLOYMENT_TARGET = 12.1;
				MTL_ENABLE_DEBUG_INFO = INCLUDE_SOURCE;
				MTL_FAST_MATH = YES;
				ONLY_ACTIVE_ARCH = YES;
				SDKROOT = iphoneos;
				SWIFT_ACTIVE_COMPILATION_CONDITIONS = DEBUG;
				SWIFT_OPTIMIZATION_LEVEL = "-Onone";
			};
			name = Debug;
		};
		299A383E22271FA000CBD4FF /* Release */ = {
			isa = XCBuildConfiguration;
			buildSettings = {
				ALWAYS_SEARCH_USER_PATHS = NO;
				CLANG_ANALYZER_NONNULL = YES;
				CLANG_ANALYZER_NUMBER_OBJECT_CONVERSION = YES_AGGRESSIVE;
				CLANG_CXX_LANGUAGE_STANDARD = "gnu++14";
				CLANG_CXX_LIBRARY = "libc++";
				CLANG_ENABLE_MODULES = YES;
				CLANG_ENABLE_OBJC_ARC = YES;
				CLANG_ENABLE_OBJC_WEAK = YES;
				CLANG_WARN_BLOCK_CAPTURE_AUTORELEASING = YES;
				CLANG_WARN_BOOL_CONVERSION = YES;
				CLANG_WARN_COMMA = YES;
				CLANG_WARN_CONSTANT_CONVERSION = YES;
				CLANG_WARN_DEPRECATED_OBJC_IMPLEMENTATIONS = YES;
				CLANG_WARN_DIRECT_OBJC_ISA_USAGE = YES_ERROR;
				CLANG_WARN_DOCUMENTATION_COMMENTS = YES;
				CLANG_WARN_EMPTY_BODY = YES;
				CLANG_WARN_ENUM_CONVERSION = YES;
				CLANG_WARN_INFINITE_RECURSION = YES;
				CLANG_WARN_INT_CONVERSION = YES;
				CLANG_WARN_NON_LITERAL_NULL_CONVERSION = YES;
				CLANG_WARN_OBJC_IMPLICIT_RETAIN_SELF = YES;
				CLANG_WARN_OBJC_LITERAL_CONVERSION = YES;
				CLANG_WARN_OBJC_ROOT_CLASS = YES_ERROR;
				CLANG_WARN_RANGE_LOOP_ANALYSIS = YES;
				CLANG_WARN_STRICT_PROTOTYPES = YES;
				CLANG_WARN_SUSPICIOUS_MOVE = YES;
				CLANG_WARN_UNGUARDED_AVAILABILITY = YES_AGGRESSIVE;
				CLANG_WARN_UNREACHABLE_CODE = YES;
				CLANG_WARN__DUPLICATE_METHOD_MATCH = YES;
				CODE_SIGN_IDENTITY = "iPhone Developer";
				COPY_PHASE_STRIP = NO;
				DEBUG_INFORMATION_FORMAT = "dwarf-with-dsym";
				ENABLE_NS_ASSERTIONS = NO;
				ENABLE_STRICT_OBJC_MSGSEND = YES;
				GCC_C_LANGUAGE_STANDARD = gnu11;
				GCC_NO_COMMON_BLOCKS = YES;
				GCC_WARN_64_TO_32_BIT_CONVERSION = YES;
				GCC_WARN_ABOUT_RETURN_TYPE = YES_ERROR;
				GCC_WARN_UNDECLARED_SELECTOR = YES;
				GCC_WARN_UNINITIALIZED_AUTOS = YES_AGGRESSIVE;
				GCC_WARN_UNUSED_FUNCTION = YES;
				GCC_WARN_UNUSED_VARIABLE = YES;
				IPHONEOS_DEPLOYMENT_TARGET = 12.1;
				MTL_ENABLE_DEBUG_INFO = NO;
				MTL_FAST_MATH = YES;
				SDKROOT = iphoneos;
				SWIFT_COMPILATION_MODE = wholemodule;
				SWIFT_OPTIMIZATION_LEVEL = "-O";
				VALIDATE_PRODUCT = YES;
			};
			name = Release;
		};
		299A384022271FA000CBD4FF /* Debug */ = {
			isa = XCBuildConfiguration;
			buildSettings = {
				ASSETCATALOG_COMPILER_APPICON_NAME = AppIcon;
				CODE_SIGN_STYLE = Automatic;
				DEVELOPMENT_TEAM = WNQXTPYNXK;
				INFOPLIST_FILE = VirtualTourist/Info.plist;
				LD_RUNPATH_SEARCH_PATHS = (
					"$(inherited)",
					"@executable_path/Frameworks",
				);
				PRODUCT_BUNDLE_IDENTIFIER = khaled.VirtualTourist;
				PRODUCT_NAME = "$(TARGET_NAME)";
				SWIFT_VERSION = 4.2;
				TARGETED_DEVICE_FAMILY = "1,2";
			};
			name = Debug;
		};
		299A384122271FA000CBD4FF /* Release */ = {
			isa = XCBuildConfiguration;
			buildSettings = {
				ASSETCATALOG_COMPILER_APPICON_NAME = AppIcon;
				CODE_SIGN_STYLE = Automatic;
				DEVELOPMENT_TEAM = WNQXTPYNXK;
				INFOPLIST_FILE = VirtualTourist/Info.plist;
				LD_RUNPATH_SEARCH_PATHS = (
					"$(inherited)",
					"@executable_path/Frameworks",
				);
				PRODUCT_BUNDLE_IDENTIFIER = khaled.VirtualTourist;
				PRODUCT_NAME = "$(TARGET_NAME)";
				SWIFT_VERSION = 4.2;
				TARGETED_DEVICE_FAMILY = "1,2";
			};
			name = Release;
		};
/* End XCBuildConfiguration section */

/* Begin XCConfigurationList section */
		299A382822271F9D00CBD4FF /* Build configuration list for PBXProject "VirtualTourist" */ = {
			isa = XCConfigurationList;
			buildConfigurations = (
				299A383D22271FA000CBD4FF /* Debug */,
				299A383E22271FA000CBD4FF /* Release */,
			);
			defaultConfigurationIsVisible = 0;
			defaultConfigurationName = Release;
		};
		299A383F22271FA000CBD4FF /* Build configuration list for PBXNativeTarget "VirtualTourist" */ = {
			isa = XCConfigurationList;
			buildConfigurations = (
				299A384022271FA000CBD4FF /* Debug */,
				299A384122271FA000CBD4FF /* Release */,
			);
			defaultConfigurationIsVisible = 0;
			defaultConfigurationName = Release;
		};
/* End XCConfigurationList section */

/* Begin XCVersionGroup section */
		299A385C22272A9800CBD4FF /* VirtualTourist.xcdatamodeld */ = {
			isa = XCVersionGroup;
			children = (
				299A385D22272A9800CBD4FF /* Virtual_Tourist.xcdatamodel */,
			);
			currentVersion = 299A385D22272A9800CBD4FF /* Virtual_Tourist.xcdatamodel */;
			name = VirtualTourist.xcdatamodeld;
			path = "../../../../Downloads/VirtualTourist-master/Virtual Tourist/Virtual Tourist/Model/VirtualTourist.xcdatamodeld";
			sourceTree = "<group>";
			versionGroupType = wrapper.xcdatamodel;
		};
/* End XCVersionGroup section */
	};
	rootObject = 299A382522271F9D00CBD4FF /* Project object */;
}
